
Microsoft Visual Studio Solution File, Format Version 12.00
# Visual Studio Version 16
VisualStudioVersion = 16.0.30114.105
MinimumVisualStudioVersion = 10.0.40219.1
Project("{FAE04EC0-301F-11D3-BF4B-00C04F79EFBC}") = "CustomCollection", "CustomCollection\CustomCollection.csproj", "{7C12F614-BFBC-47BB-965D-EB9BF28998CE}"
EndProject
Global
	GlobalSection(SolutionConfigurationPlatforms) = preSolution
		Debug|Any CPU = Debug|Any CPU
		Release|Any CPU = Release|Any CPU
	EndGlobalSection
	GlobalSection(ProjectConfigurationPlatforms) = postSolution
		{7C12F614-BFBC-47BB-965D-EB9BF28998CE}.Debug|Any CPU.ActiveCfg = Debug|Any CPU
		{7C12F614-BFBC-47BB-965D-EB9BF28998CE}.Debug|Any CPU.Build.0 = Debug|Any CPU
		{7C12F614-BFBC-47BB-965D-EB9BF28998CE}.Release|Any CPU.ActiveCfg = Release|Any CPU
		{7C12F614-BFBC-47BB-965D-EB9BF28998CE}.Release|Any CPU.Build.0 = Release|Any CPU
	EndGlobalSection
	GlobalSection(SolutionProperties) = preSolution
		HideSolutionNode = FALSE
	EndGlobalSection
	GlobalSection(ExtensibilityGlobals) = postSolution
		SolutionGuid = {D5835AA1-C753-4D6A-B3A4-E82FAEE011F0}
	EndGlobalSection
EndGlobal
